
Microsoft Visual Studio Solution File, Format Version 12.00
# Visual Studio 14
VisualStudioVersion = 14.0.25420.1
MinimumVisualStudioVersion = 10.0.40219.1
Project("{FAE04EC0-301F-11D3-BF4B-00C04F79EFBC}") = "DiabolicalPlot.Business", "DiabolicalPlot.Business\DiabolicalPlot.Business.csproj", "{786384E1-3C09-40F5-8817-39E086D7F449}"
EndProject
Project("{FAE04EC0-301F-11D3-BF4B-00C04F79EFBC}") = "DiabolicalPlot.Business.Test", "DiabolicalPlot.Business.Test\DiabolicalPlot.Business.Test.csproj", "{C5231267-EFF2-481E-ADB0-4688DD91AAAC}"
EndProject
Project("{8BB2217D-0F2D-49D1-97BC-3654ED321F3B}") = "diabolicalplot.com", "diabolicalplot.com\diabolicalplot.com.xproj", "{DA110C0D-DDB7-444E-88A9-5D98766D1CE7}"
EndProject
Project("{8BB2217D-0F2D-49D1-97BC-3654ED321F3B}") = "DiabolicalPlot.Business.Core", "DiabolicalPlot.Business.Core\DiabolicalPlot.Business.Core.xproj", "{92137F8C-5A84-46F5-968F-27CE3241B0E4}"
EndProject
Global
	GlobalSection(SolutionConfigurationPlatforms) = preSolution
		Debug|Any CPU = Debug|Any CPU
		Release|Any CPU = Release|Any CPU
	EndGlobalSection
	GlobalSection(ProjectConfigurationPlatforms) = postSolution
		{786384E1-3C09-40F5-8817-39E086D7F449}.Debug|Any CPU.ActiveCfg = Debug|Any CPU
		{786384E1-3C09-40F5-8817-39E086D7F449}.Debug|Any CPU.Build.0 = Debug|Any CPU
		{786384E1-3C09-40F5-8817-39E086D7F449}.Release|Any CPU.ActiveCfg = Release|Any CPU
		{786384E1-3C09-40F5-8817-39E086D7F449}.Release|Any CPU.Build.0 = Release|Any CPU
		{C5231267-EFF2-481E-ADB0-4688DD91AAAC}.Debug|Any CPU.ActiveCfg = Debug|Any CPU
		{C5231267-EFF2-481E-ADB0-4688DD91AAAC}.Debug|Any CPU.Build.0 = Debug|Any CPU
		{C5231267-EFF2-481E-ADB0-4688DD91AAAC}.Release|Any CPU.ActiveCfg = Release|Any CPU
		{C5231267-EFF2-481E-ADB0-4688DD91AAAC}.Release|Any CPU.Build.0 = Release|Any CPU
		{DA110C0D-DDB7-444E-88A9-5D98766D1CE7}.Debug|Any CPU.ActiveCfg = Debug|Any CPU
		{DA110C0D-DDB7-444E-88A9-5D98766D1CE7}.Debug|Any CPU.Build.0 = Debug|Any CPU
		{DA110C0D-DDB7-444E-88A9-5D98766D1CE7}.Release|Any CPU.ActiveCfg = Release|Any CPU
		{DA110C0D-DDB7-444E-88A9-5D98766D1CE7}.Release|Any CPU.Build.0 = Release|Any CPU
		{92137F8C-5A84-46F5-968F-27CE3241B0E4}.Debug|Any CPU.ActiveCfg = Debug|Any CPU
		{92137F8C-5A84-46F5-968F-27CE3241B0E4}.Debug|Any CPU.Build.0 = Debug|Any CPU
		{92137F8C-5A84-46F5-968F-27CE3241B0E4}.Release|Any CPU.ActiveCfg = Release|Any CPU
		{92137F8C-5A84-46F5-968F-27CE3241B0E4}.Release|Any CPU.Build.0 = Release|Any CPU
	EndGlobalSection
	GlobalSection(SolutionProperties) = preSolution
		HideSolutionNode = FALSE
	EndGlobalSection
EndGlobal
